{
    "_readme": [
        "This file locks the dependencies of your project to a known state",
        "Read more about it at https://getcomposer.org/doc/01-basic-usage.md#composer-lock-the-lock-file",
        "This file is @generated automatically"
    ],
    "hash": "02f8a9a06c7e6a06af12a9ce14ab5436",
    "packages": [
        {
            "name": "stevevega/kima",
            "version": "0.9.16",
            "source": {
                "type": "git",
                "url": "https://github.com/stevevega/kima.git",
                "reference": "7b9ef704e6e0013dca8870f39a6e1ff0855d5799"
            },
            "dist": {
                "type": "zip",
                "url": "https://api.github.com/repos/stevevega/kima/zipball/7b9ef704e6e0013dca8870f39a6e1ff0855d5799",
                "reference": "7b9ef704e6e0013dca8870f39a6e1ff0855d5799",
                "shasum": ""
            },
            "require": {
                "php": ">=5.4.34"
            },
            "type": "library",
            "autoload": {
                "psr-0": {
                    "Kima\\": "library/"
                }
            },
            "notification-url": "https://packagist.org/downloads/",
            "license": [
                "BSD-3-Clause"
            ],
            "description": "Kima Framework",
            "homepage": "https://github.com/stevevega/kima",
            "keywords": [
                "framework",
                "kima"
            ],
            "time": "2015-09-03 02:38:04"
        }
    ],
    "packages-dev": [],
    "aliases": [],
    "minimum-stability": "stable",
    "stability-flags": [],
    "prefer-stable": false,
    "prefer-lowest": false,
    "platform": {
        "php": ">=5.4.0"
    },
    "platform-dev": []
}
