{
    "_readme": [
        "This file locks the dependencies of your project to a known state",
        "Read more about it at http://getcomposer.org/doc/01-basic-usage.md#composer-lock-the-lock-file",
        "This file is @generated automatically"
    ],
    "hash": "6f7e313eb31bdf45e6fd7c033d982c5a",
    "packages": [
        {
            "name": "stevevega/kima",
            "version": "0.9.4",
            "source": {
                "type": "git",
                "url": "https://github.com/stevevega/kima.git",
                "reference": "4b1ab8cd4cc63c59f2ba576c9f2749efcc9afee0"
            },
            "dist": {
                "type": "zip",
                "url": "https://api.github.com/repos/stevevega/kima/zipball/4b1ab8cd4cc63c59f2ba576c9f2749efcc9afee0",
                "reference": "4b1ab8cd4cc63c59f2ba576c9f2749efcc9afee0",
                "shasum": ""
            },
            "require": {
                "php": ">=5.4.34"
            },
            "type": "library",
            "autoload": {
                "psr-0": {
                    "Kima\\": "library/"
                }
            },
            "notification-url": "https://packagist.org/downloads/",
            "license": [
                "BSD-3-Clause"
            ],
            "description": "Kima Framework",
            "homepage": "https://github.com/stevevega/kima",
            "keywords": [
                "framework",
                "kima"
            ],
            "time": "2015-03-09 03:01:59"
        }
    ],
    "packages-dev": [],
    "aliases": [],
    "minimum-stability": "stable",
    "stability-flags": [],
    "prefer-stable": false,
    "prefer-lowest": false,
    "platform": {
        "php": ">=5.4.0"
    },
    "platform-dev": []
}
